
Microsoft Visual Studio Solution File, Format Version 12.00
Project("{FAE04EC0-301F-11D3-BF4B-00C04F79EFBC}") = "PWR_PL-Implementator", "PWR_PL-Implementator\PWR_PL-Implementator.csproj", "{9FBB0D4E-0F0C-4ADF-9B66-CEA345D01DCE}"
EndProject
Global
	GlobalSection(SolutionConfigurationPlatforms) = preSolution
		Debug|Any CPU = Debug|Any CPU
		Release|Any CPU = Release|Any CPU
	EndGlobalSection
	GlobalSection(ProjectConfigurationPlatforms) = postSolution
		{9FBB0D4E-0F0C-4ADF-9B66-CEA345D01DCE}.Debug|Any CPU.ActiveCfg = Debug|Any CPU
		{9FBB0D4E-0F0C-4ADF-9B66-CEA345D01DCE}.Debug|Any CPU.Build.0 = Debug|Any CPU
		{9FBB0D4E-0F0C-4ADF-9B66-CEA345D01DCE}.Release|Any CPU.ActiveCfg = Release|Any CPU
		{9FBB0D4E-0F0C-4ADF-9B66-CEA345D01DCE}.Release|Any CPU.Build.0 = Release|Any CPU
	EndGlobalSection
EndGlobal
